
Microsoft Visual Studio Solution File, Format Version 12.00
# Visual Studio Version 16
VisualStudioVersion = 16.0.29613.14
MinimumVisualStudioVersion = 15.0.26124.0
Project("{9A19103F-16F7-4668-BE54-9A1E7A4F7556}") = "BasicWinForms", "BasicWinForms\BasicWinForms.csproj", "{1A378A8C-9E6C-4DEA-9140-17A1A72CF562}"
EndProject
Project("{FAE04EC0-301F-11D3-BF4B-00C04F79EFBC}") = "LegacyWinForms", "LegacyWinForms\LegacyWinForms.csproj", "{853DFA65-998F-4D05-9305-377D65FB41CD}"
EndProject
Project("{FAE04EC0-301F-11D3-BF4B-00C04F79EFBC}") = "FluentUwpApp", "FluentUwpApp\FluentUwpApp.csproj", "{AECB9BA0-0F21-46CC-967A-EB74A14CE525}"
EndProject
Global
	GlobalSection(SolutionConfigurationPlatforms) = preSolution
		Debug|Any CPU = Debug|Any CPU
		Debug|ARM = Debug|ARM
		Debug|ARM64 = Debug|ARM64
		Debug|x64 = Debug|x64
		Debug|x86 = Debug|x86
		Release|Any CPU = Release|Any CPU
		Release|ARM = Release|ARM
		Release|ARM64 = Release|ARM64
		Release|x64 = Release|x64
		Release|x86 = Release|x86
	EndGlobalSection
	GlobalSection(ProjectConfigurationPlatforms) = postSolution
		{1A378A8C-9E6C-4DEA-9140-17A1A72CF562}.Debug|Any CPU.ActiveCfg = Debug|Any CPU
		{1A378A8C-9E6C-4DEA-9140-17A1A72CF562}.Debug|Any CPU.Build.0 = Debug|Any CPU
		{1A378A8C-9E6C-4DEA-9140-17A1A72CF562}.Debug|ARM.ActiveCfg = Debug|Any CPU
		{1A378A8C-9E6C-4DEA-9140-17A1A72CF562}.Debug|ARM.Build.0 = Debug|Any CPU
		{1A378A8C-9E6C-4DEA-9140-17A1A72CF562}.Debug|ARM64.ActiveCfg = Debug|Any CPU
		{1A378A8C-9E6C-4DEA-9140-17A1A72CF562}.Debug|ARM64.Build.0 = Debug|Any CPU
		{1A378A8C-9E6C-4DEA-9140-17A1A72CF562}.Debug|x64.ActiveCfg = Debug|Any CPU
		{1A378A8C-9E6C-4DEA-9140-17A1A72CF562}.Debug|x64.Build.0 = Debug|Any CPU
		{1A378A8C-9E6C-4DEA-9140-17A1A72CF562}.Debug|x86.ActiveCfg = Debug|Any CPU
		{1A378A8C-9E6C-4DEA-9140-17A1A72CF562}.Debug|x86.Build.0 = Debug|Any CPU
		{1A378A8C-9E6C-4DEA-9140-17A1A72CF562}.Release|Any CPU.ActiveCfg = Release|Any CPU
		{1A378A8C-9E6C-4DEA-9140-17A1A72CF562}.Release|Any CPU.Build.0 = Release|Any CPU
		{1A378A8C-9E6C-4DEA-9140-17A1A72CF562}.Release|ARM.ActiveCfg = Release|Any CPU
		{1A378A8C-9E6C-4DEA-9140-17A1A72CF562}.Release|ARM.Build.0 = Release|Any CPU
		{1A378A8C-9E6C-4DEA-9140-17A1A72CF562}.Release|ARM64.ActiveCfg = Release|Any CPU
		{1A378A8C-9E6C-4DEA-9140-17A1A72CF562}.Release|ARM64.Build.0 = Release|Any CPU
		{1A378A8C-9E6C-4DEA-9140-17A1A72CF562}.Release|x64.ActiveCfg = Release|Any CPU
		{1A378A8C-9E6C-4DEA-9140-17A1A72CF562}.Release|x64.Build.0 = Release|Any CPU
		{1A378A8C-9E6C-4DEA-9140-17A1A72CF562}.Release|x86.ActiveCfg = Release|Any CPU
		{1A378A8C-9E6C-4DEA-9140-17A1A72CF562}.Release|x86.Build.0 = Release|Any CPU
		{853DFA65-998F-4D05-9305-377D65FB41CD}.Debug|Any CPU.ActiveCfg = Debug|Any CPU
		{853DFA65-998F-4D05-9305-377D65FB41CD}.Debug|Any CPU.Build.0 = Debug|Any CPU
		{853DFA65-998F-4D05-9305-377D65FB41CD}.Debug|ARM.ActiveCfg = Debug|Any CPU
		{853DFA65-998F-4D05-9305-377D65FB41CD}.Debug|ARM.Build.0 = Debug|Any CPU
		{853DFA65-998F-4D05-9305-377D65FB41CD}.Debug|ARM64.ActiveCfg = Debug|Any CPU
		{853DFA65-998F-4D05-9305-377D65FB41CD}.Debug|ARM64.Build.0 = Debug|Any CPU
		{853DFA65-998F-4D05-9305-377D65FB41CD}.Debug|x64.ActiveCfg = Debug|Any CPU
		{853DFA65-998F-4D05-9305-377D65FB41CD}.Debug|x64.Build.0 = Debug|Any CPU
		{853DFA65-998F-4D05-9305-377D65FB41CD}.Debug|x86.ActiveCfg = Debug|Any CPU
		{853DFA65-998F-4D05-9305-377D65FB41CD}.Debug|x86.Build.0 = Debug|Any CPU
		{853DFA65-998F-4D05-9305-377D65FB41CD}.Release|Any CPU.ActiveCfg = Release|Any CPU
		{853DFA65-998F-4D05-9305-377D65FB41CD}.Release|Any CPU.Build.0 = Release|Any CPU
		{853DFA65-998F-4D05-9305-377D65FB41CD}.Release|ARM.ActiveCfg = Release|Any CPU
		{853DFA65-998F-4D05-9305-377D65FB41CD}.Release|ARM.Build.0 = Release|Any CPU
		{853DFA65-998F-4D05-9305-377D65FB41CD}.Release|ARM64.ActiveCfg = Release|Any CPU
		{853DFA65-998F-4D05-9305-377D65FB41CD}.Release|ARM64.Build.0 = Release|Any CPU
		{853DFA65-998F-4D05-9305-377D65FB41CD}.Release|x64.ActiveCfg = Release|Any CPU
		{853DFA65-998F-4D05-9305-377D65FB41CD}.Release|x64.Build.0 = Release|Any CPU
		{853DFA65-998F-4D05-9305-377D65FB41CD}.Release|x86.ActiveCfg = Release|Any CPU
		{853DFA65-998F-4D05-9305-377D65FB41CD}.Release|x86.Build.0 = Release|Any CPU
		{AECB9BA0-0F21-46CC-967A-EB74A14CE525}.Debug|Any CPU.ActiveCfg = Debug|x64
		{AECB9BA0-0F21-46CC-967A-EB74A14CE525}.Debug|Any CPU.Build.0 = Debug|x64
		{AECB9BA0-0F21-46CC-967A-EB74A14CE525}.Debug|Any CPU.Deploy.0 = Debug|x64
		{AECB9BA0-0F21-46CC-967A-EB74A14CE525}.Debug|ARM.ActiveCfg = Debug|ARM
		{AECB9BA0-0F21-46CC-967A-EB74A14CE525}.Debug|ARM.Build.0 = Debug|ARM
		{AECB9BA0-0F21-46CC-967A-EB74A14CE525}.Debug|ARM.Deploy.0 = Debug|ARM
		{AECB9BA0-0F21-46CC-967A-EB74A14CE525}.Debug|ARM64.ActiveCfg = Debug|ARM64
		{AECB9BA0-0F21-46CC-967A-EB74A14CE525}.Debug|ARM64.Build.0 = Debug|ARM64
		{AECB9BA0-0F21-46CC-967A-EB74A14CE525}.Debug|ARM64.Deploy.0 = Debug|ARM64
		{AECB9BA0-0F21-46CC-967A-EB74A14CE525}.Debug|x64.ActiveCfg = Debug|x64
		{AECB9BA0-0F21-46CC-967A-EB74A14CE525}.Debug|x64.Build.0 = Debug|x64
		{AECB9BA0-0F21-46CC-967A-EB74A14CE525}.Debug|x64.Deploy.0 = Debug|x64
		{AECB9BA0-0F21-46CC-967A-EB74A14CE525}.Debug|x86.ActiveCfg = Debug|x86
		{AECB9BA0-0F21-46CC-967A-EB74A14CE525}.Debug|x86.Build.0 = Debug|x86
		{AECB9BA0-0F21-46CC-967A-EB74A14CE525}.Debug|x86.Deploy.0 = Debug|x86
		{AECB9BA0-0F21-46CC-967A-EB74A14CE525}.Release|Any CPU.ActiveCfg = Release|x86
		{AECB9BA0-0F21-46CC-967A-EB74A14CE525}.Release|ARM.ActiveCfg = Release|ARM
		{AECB9BA0-0F21-46CC-967A-EB74A14CE525}.Release|ARM.Build.0 = Release|ARM
		{AECB9BA0-0F21-46CC-967A-EB74A14CE525}.Release|ARM.Deploy.0 = Release|ARM
		{AECB9BA0-0F21-46CC-967A-EB74A14CE525}.Release|ARM64.ActiveCfg = Release|ARM64
		{AECB9BA0-0F21-46CC-967A-EB74A14CE525}.Release|ARM64.Build.0 = Release|ARM64
		{AECB9BA0-0F21-46CC-967A-EB74A14CE525}.Release|ARM64.Deploy.0 = Release|ARM64
		{AECB9BA0-0F21-46CC-967A-EB74A14CE525}.Release|x64.ActiveCfg = Release|x64
		{AECB9BA0-0F21-46CC-967A-EB74A14CE525}.Release|x64.Build.0 = Release|x64
		{AECB9BA0-0F21-46CC-967A-EB74A14CE525}.Release|x64.Deploy.0 = Release|x64
		{AECB9BA0-0F21-46CC-967A-EB74A14CE525}.Release|x86.ActiveCfg = Release|x86
		{AECB9BA0-0F21-46CC-967A-EB74A14CE525}.Release|x86.Build.0 = Release|x86
		{AECB9BA0-0F21-46CC-967A-EB74A14CE525}.Release|x86.Deploy.0 = Release|x86
	EndGlobalSection
	GlobalSection(SolutionProperties) = preSolution
		HideSolutionNode = FALSE
	EndGlobalSection
	GlobalSection(ExtensibilityGlobals) = postSolution
		SolutionGuid = {49935637-861B-4DD3-BC1B-12F1620114DA}
	EndGlobalSection
EndGlobal
